
Microsoft Visual Studio Solution File, Format Version 12.00
# Visual Studio Version 17
VisualStudioVersion = 17.0.31919.166
MinimumVisualStudioVersion = 10.0.40219.1
Project("{9A19103F-16F7-4668-BE54-9A1E7A4F7556}") = "Azure Manager", "wpf app\Azure Manager.csproj", "{9489A9D5-D8CA-4979-9319-518B2FE59BA4}"
EndProject
Project("{9A19103F-16F7-4668-BE54-9A1E7A4F7556}") = "core", "core\core.csproj", "{C5060D4C-198F-48B5-A51A-A9332DD3CD7B}"
EndProject
Project("{9A19103F-16F7-4668-BE54-9A1E7A4F7556}") = "ConsoleApp", "ConsoleApp\ConsoleApp.csproj", "{2FF8FE2D-3B97-4018-AC5F-39A12801F879}"
EndProject
Project("{FAE04EC0-301F-11D3-BF4B-00C04F79EFBC}") = "Tests", "Tests\Tests.csproj", "{60B5FB5D-FB32-4A4B-882D-58D5294AAADA}"
EndProject
Global
	GlobalSection(SolutionConfigurationPlatforms) = preSolution
		Debug|Any CPU = Debug|Any CPU
		Release|Any CPU = Release|Any CPU
	EndGlobalSection
	GlobalSection(ProjectConfigurationPlatforms) = postSolution
		{9489A9D5-D8CA-4979-9319-518B2FE59BA4}.Debug|Any CPU.ActiveCfg = Debug|Any CPU
		{9489A9D5-D8CA-4979-9319-518B2FE59BA4}.Debug|Any CPU.Build.0 = Debug|Any CPU
		{9489A9D5-D8CA-4979-9319-518B2FE59BA4}.Release|Any CPU.ActiveCfg = Release|Any CPU
		{9489A9D5-D8CA-4979-9319-518B2FE59BA4}.Release|Any CPU.Build.0 = Release|Any CPU
		{C5060D4C-198F-48B5-A51A-A9332DD3CD7B}.Debug|Any CPU.ActiveCfg = Debug|Any CPU
		{C5060D4C-198F-48B5-A51A-A9332DD3CD7B}.Debug|Any CPU.Build.0 = Debug|Any CPU
		{C5060D4C-198F-48B5-A51A-A9332DD3CD7B}.Release|Any CPU.ActiveCfg = Release|Any CPU
		{C5060D4C-198F-48B5-A51A-A9332DD3CD7B}.Release|Any CPU.Build.0 = Release|Any CPU
		{2FF8FE2D-3B97-4018-AC5F-39A12801F879}.Debug|Any CPU.ActiveCfg = Debug|Any CPU
		{2FF8FE2D-3B97-4018-AC5F-39A12801F879}.Debug|Any CPU.Build.0 = Debug|Any CPU
		{2FF8FE2D-3B97-4018-AC5F-39A12801F879}.Release|Any CPU.ActiveCfg = Release|Any CPU
		{2FF8FE2D-3B97-4018-AC5F-39A12801F879}.Release|Any CPU.Build.0 = Release|Any CPU
		{60B5FB5D-FB32-4A4B-882D-58D5294AAADA}.Debug|Any CPU.ActiveCfg = Debug|Any CPU
		{60B5FB5D-FB32-4A4B-882D-58D5294AAADA}.Debug|Any CPU.Build.0 = Debug|Any CPU
		{60B5FB5D-FB32-4A4B-882D-58D5294AAADA}.Release|Any CPU.ActiveCfg = Release|Any CPU
		{60B5FB5D-FB32-4A4B-882D-58D5294AAADA}.Release|Any CPU.Build.0 = Release|Any CPU
	EndGlobalSection
	GlobalSection(SolutionProperties) = preSolution
		HideSolutionNode = FALSE
	EndGlobalSection
	GlobalSection(ExtensibilityGlobals) = postSolution
		SolutionGuid = {0298A5B3-9436-49D9-8CDC-A2B6D2681C88}
	EndGlobalSection
EndGlobal
